{
  "nodes": {
    "nixpkgs": {
      "locked": {
        "lastModified": 1789724158,
        "narHash": "sha256-a+eLlfZMyiiI5LIQ946grNITLv+FMldenpy02jbE3NI=",
        "rev": "0a3468a402c449992505b6a9fc5b06580141b750",
        "type": "tarball",
        "url": "https://releases.nixos.org/nixpkgs/nixpkgs-26.11pre1075779.0a3468a402c4/nixexprs.tar.zst"
      },
      "original": {
        "type": "tarball",
        "url": "https://channels.nixos.org/nixpkgs-unstable/nixexprs.tar.zst"
      }
    },
    "root": {
      "inputs": {
        "nixpkgs": "nixpkgs"
      }
    }
  },
  "root": "root",
  "version": 7
}
